// !$*UTF8*$!
{
	archiveVersion = 1;
	classes = {
	};
	objectVersion = 50;
	objects = {

/* Begin PBXBuildFile section */
		CD51599B220F8091008528F4 /* AppDelegate.swift in Sources */ = {isa = PBXBuildFile; fileRef = CD51599A220F8091008528F4 /* AppDelegate.swift */; };
		CD51599D220F8091008528F4 /* WithdrawalViewController.swift in Sources */ = {isa = PBXBuildFile; fileRef = CD51599C220F8091008528F4 /* WithdrawalViewController.swift */; };
		CD5159A0220F8091008528F4 /* Main.storyboard in Resources */ = {isa = PBXBuildFile; fileRef = CD51599E220F8091008528F4 /* Main.storyboard */; };
		CD5159A2220F8093008528F4 /* Assets.xcassets in Resources */ = {isa = PBXBuildFile; fileRef = CD5159A1220F8093008528F4 /* Assets.xcassets */; };
		CD5159A5220F8093008528F4 /* LaunchScreen.storyboard in Resources */ = {isa = PBXBuildFile; fileRef = CD5159A3220F8093008528F4 /* LaunchScreen.storyboard */; };
		CD5159B0221064EF008528F4 /* Cash.swift in Sources */ = {isa = PBXBuildFile; fileRef = CD5159AF221064EF008528F4 /* Cash.swift */; };
		CD5159B222108B9F008528F4 /* BankNoteViewController.swift in Sources */ = {isa = PBXBuildFile; fileRef = CD5159B122108B9F008528F4 /* BankNoteViewController.swift */; };
/* End PBXBuildFile section */

/* Begin PBXFileReference section */
		CD515997220F8091008528F4 /* CashMachine.app */ = {isa = PBXFileReference; explicitFileType = wrapper.application; includeInIndex = 0; path = CashMachine.app; sourceTree = BUILT_PRODUCTS_DIR; };
		CD51599A220F8091008528F4 /* AppDelegate.swift */ = {isa = PBXFileReference; lastKnownFileType = sourcecode.swift; path = AppDelegate.swift; sourceTree = "<group>"; };
		CD51599C220F8091008528F4 /* WithdrawalViewController.swift */ = {isa = PBXFileReference; lastKnownFileType = sourcecode.swift; path = WithdrawalViewController.swift; sourceTree = "<group>"; };
		CD51599F220F8091008528F4 /* Base */ = {isa = PBXFileReference; lastKnownFileType = file.storyboard; name = Base; path = Base.lproj/Main.storyboard; sourceTree = "<group>"; };
		CD5159A1220F8093008528F4 /* Assets.xcassets */ = {isa = PBXFileReference; lastKnownFileType = folder.assetcatalog; path = Assets.xcassets; sourceTree = "<group>"; };
		CD5159A4220F8093008528F4 /* Base */ = {isa = PBXFileReference; lastKnownFileType = file.storyboard; name = Base; path = Base.lproj/LaunchScreen.storyboard; sourceTree = "<group>"; };
		CD5159A6220F8093008528F4 /* Info.plist */ = {isa = PBXFileReference; lastKnownFileType = text.plist.xml; path = Info.plist; sourceTree = "<group>"; };
		CD5159AF221064EF008528F4 /* Cash.swift */ = {isa = PBXFileReference; lastKnownFileType = sourcecode.swift; path = Cash.swift; sourceTree = "<group>"; };
		CD5159B122108B9F008528F4 /* BankNoteViewController.swift */ = {isa = PBXFileReference; lastKnownFileType = sourcecode.swift; path = BankNoteViewController.swift; sourceTree = "<group>"; };
/* End PBXFileReference section */

/* Begin PBXFrameworksBuildPhase section */
		CD515994220F8091008528F4 /* Frameworks */ = {
			isa = PBXFrameworksBuildPhase;
			buildActionMask = 2147483647;
			files = (
			);
			runOnlyForDeploymentPostprocessing = 0;
		};
/* End PBXFrameworksBuildPhase section */

/* Begin PBXGroup section */
		CD51598E220F8091008528F4 = {
			isa = PBXGroup;
			children = (
				CD515999220F8091008528F4 /* CashMachine */,
				CD515998220F8091008528F4 /* Products */,
			);
			sourceTree = "<group>";
		};
		CD515998220F8091008528F4 /* Products */ = {
			isa = PBXGroup;
			children = (
				CD515997220F8091008528F4 /* CashMachine.app */,
			);
			name = Products;
			sourceTree = "<group>";
		};
		CD515999220F8091008528F4 /* CashMachine */ = {
			isa = PBXGroup;
			children = (
				CD5159AE220F87AD008528F4 /* Controller */,
				CD5159AD220F87A7008528F4 /* View */,
				CD5159AC220F87A0008528F4 /* Model */,
				CD51599A220F8091008528F4 /* AppDelegate.swift */,
				CD5159A1220F8093008528F4 /* Assets.xcassets */,
				CD5159A3220F8093008528F4 /* LaunchScreen.storyboard */,
				CD5159A6220F8093008528F4 /* Info.plist */,
			);
			path = CashMachine;
			sourceTree = "<group>";
		};
		CD5159AC220F87A0008528F4 /* Model */ = {
			isa = PBXGroup;
			children = (
				CD5159AF221064EF008528F4 /* Cash.swift */,
			);
			path = Model;
			sourceTree = "<group>";
		};
		CD5159AD220F87A7008528F4 /* View */ = {
			isa = PBXGroup;
			children = (
				CD51599E220F8091008528F4 /* Main.storyboard */,
			);
			path = View;
			sourceTree = "<group>";
		};
		CD5159AE220F87AD008528F4 /* Controller */ = {
			isa = PBXGroup;
			children = (
				CD51599C220F8091008528F4 /* WithdrawalViewController.swift */,
				CD5159B122108B9F008528F4 /* BankNoteViewController.swift */,
			);
			path = Controller;
			sourceTree = "<group>";
		};
/* End PBXGroup section */

/* Begin PBXNativeTarget section */
		CD515996220F8091008528F4 /* CashMachine */ = {
			isa = PBXNativeTarget;
			buildConfigurationList = CD5159A9220F8093008528F4 /* Build configuration list for PBXNativeTarget "CashMachine" */;
			buildPhases = (
				CD515993220F8091008528F4 /* Sources */,
				CD515994220F8091008528F4 /* Frameworks */,
				CD515995220F8091008528F4 /* Resources */,
			);
			buildRules = (
			);
			dependencies = (
			);
			name = CashMachine;
			productName = CashMachine;
			productReference = CD515997220F8091008528F4 /* CashMachine.app */;
			productType = "com.apple.product-type.application";
		};
/* End PBXNativeTarget section */

/* Begin PBXProject section */
		CD51598F220F8091008528F4 /* Project object */ = {
			isa = PBXProject;
			attributes = {
				LastSwiftUpdateCheck = 1010;
				LastUpgradeCheck = 1010;
				ORGANIZATIONNAME = Quenca;
				TargetAttributes = {
					CD515996220F8091008528F4 = {
						CreatedOnToolsVersion = 10.1;
					};
				};
			};
			buildConfigurationList = CD515992220F8091008528F4 /* Build configuration list for PBXProject "CashMachine" */;
			compatibilityVersion = "Xcode 9.3";
			developmentRegion = en;
			hasScannedForEncodings = 0;
			knownRegions = (
				en,
				Base,
			);
			mainGroup = CD51598E220F8091008528F4;
			productRefGroup = CD515998220F8091008528F4 /* Products */;
			projectDirPath = "";
			projectRoot = "";
			targets = (
				CD515996220F8091008528F4 /* CashMachine */,
			);
		};
/* End PBXProject section */

/* Begin PBXResourcesBuildPhase section */
		CD515995220F8091008528F4 /* Resources */ = {
			isa = PBXResourcesBuildPhase;
			buildActionMask = 2147483647;
			files = (
				CD5159A5220F8093008528F4 /* LaunchScreen.storyboard in Resources */,
				CD5159A2220F8093008528F4 /* Assets.xcassets in Resources */,
				CD5159A0220F8091008528F4 /* Main.storyboard in Resources */,
			);
			runOnlyForDeploymentPostprocessing = 0;
		};
/* End PBXResourcesBuildPhase section */

/* Begin PBXSourcesBuildPhase section */
		CD515993220F8091008528F4 /* Sources */ = {
			isa = PBXSourcesBuildPhase;
			buildActionMask = 2147483647;
			files = (
				CD5159B222108B9F008528F4 /* BankNoteViewController.swift in Sources */,
				CD51599D220F8091008528F4 /* WithdrawalViewController.swift in Sources */,
				CD5159B0221064EF008528F4 /* Cash.swift in Sources */,
				CD51599B220F8091008528F4 /* AppDelegate.swift in Sources */,
			);
			runOnlyForDeploymentPostprocessing = 0;
		};
/* End PBXSourcesBuildPhase section */

/* Begin PBXVariantGroup section */
		CD51599E220F8091008528F4 /* Main.storyboard */ = {
			isa = PBXVariantGroup;
			children = (
				CD51599F220F8091008528F4 /* Base */,
			);
			name = Main.storyboard;
			sourceTree = "<group>";
		};
		CD5159A3220F8093008528F4 /* LaunchScreen.storyboard */ = {
			isa = PBXVariantGroup;
			children = (
				CD5159A4220F8093008528F4 /* Base */,
			);
			name = LaunchScreen.storyboard;
			sourceTree = "<group>";
		};
/* End PBXVariantGroup section */

/* Begin XCBuildConfiguration section */
		CD5159A7220F8093008528F4 /* Debug */ = {
			isa = XCBuildConfiguration;
			buildSettings = {
				ALWAYS_SEARCH_USER_PATHS = NO;
				CLANG_ANALYZER_NONNULL = YES;
				CLANG_ANALYZER_NUMBER_OBJECT_CONVERSION = YES_AGGRESSIVE;
				CLANG_CXX_LANGUAGE_STANDARD = "gnu++14";
				CLANG_CXX_LIBRARY = "libc++";
				CLANG_ENABLE_MODULES = YES;
				CLANG_ENABLE_OBJC_ARC = YES;
				CLANG_ENABLE_OBJC_WEAK = YES;
				CLANG_WARN_BLOCK_CAPTURE_AUTORELEASING = YES;
				CLANG_WARN_BOOL_CONVERSION = YES;
				CLANG_WARN_COMMA = YES;
				CLANG_WARN_CONSTANT_CONVERSION = YES;
				CLANG_WARN_DEPRECATED_OBJC_IMPLEMENTATIONS = YES;
				CLANG_WARN_DIRECT_OBJC_ISA_USAGE = YES_ERROR;
				CLANG_WARN_DOCUMENTATION_COMMENTS = YES;
				CLANG_WARN_EMPTY_BODY = YES;
				CLANG_WARN_ENUM_CONVERSION = YES;
				CLANG_WARN_INFINITE_RECURSION = YES;
				CLANG_WARN_INT_CONVERSION = YES;
				CLANG_WARN_NON_LITERAL_NULL_CONVERSION = YES;
				CLANG_WARN_OBJC_IMPLICIT_RETAIN_SELF = YES;
				CLANG_WARN_OBJC_LITERAL_CONVERSION = YES;
				CLANG_WARN_OBJC_ROOT_CLASS = YES_ERROR;
				CLANG_WARN_RANGE_LOOP_ANALYSIS = YES;
				CLANG_WARN_STRICT_PROTOTYPES = YES;
				CLANG_WARN_SUSPICIOUS_MOVE = YES;
				CLANG_WARN_UNGUARDED_AVAILABILITY = YES_AGGRESSIVE;
				CLANG_WARN_UNREACHABLE_CODE = YES;
				CLANG_WARN__DUPLICATE_METHOD_MATCH = YES;
				CODE_SIGN_IDENTITY = "iPhone Developer";
				COPY_PHASE_STRIP = NO;
				DEBUG_INFORMATION_FORMAT = dwarf;
				ENABLE_STRICT_OBJC_MSGSEND = YES;
				ENABLE_TESTABILITY = YES;
				GCC_C_LANGUAGE_STANDARD = gnu11;
				GCC_DYNAMIC_NO_PIC = NO;
				GCC_NO_COMMON_BLOCKS = YES;
				GCC_OPTIMIZATION_LEVEL = 0;
				GCC_PREPROCESSOR_DEFINITIONS = (
					"DEBUG=1",
					"$(inherited)",
				);
				GCC_WARN_64_TO_32_BIT_CONVERSION = YES;
				GCC_WARN_ABOUT_RETURN_TYPE = YES_ERROR;
				GCC_WARN_UNDECLARED_SELECTOR = YES;
				GCC_WARN_UNINITIALIZED_AUTOS = YES_AGGRESSIVE;
				GCC_WARN_UNUSED_FUNCTION = YES;
				GCC_WARN_UNUSED_VARIABLE = YES;
				IPHONEOS_DEPLOYMENT_TARGET = 12.1;
				MTL_ENABLE_DEBUG_INFO = INCLUDE_SOURCE;
				MTL_FAST_MATH = YES;
				ONLY_ACTIVE_ARCH = YES;
				SDKROOT = iphoneos;
				SWIFT_ACTIVE_COMPILATION_CONDITIONS = DEBUG;
				SWIFT_OPTIMIZATION_LEVEL = "-Onone";
			};
			name = Debug;
		};
		CD5159A8220F8093008528F4 /* Release */ = {
			isa = XCBuildConfiguration;
			buildSettings = {
				ALWAYS_SEARCH_USER_PATHS = NO;
				CLANG_ANALYZER_NONNULL = YES;
				CLANG_ANALYZER_NUMBER_OBJECT_CONVERSION = YES_AGGRESSIVE;
				CLANG_CXX_LANGUAGE_STANDARD = "gnu++14";
				CLANG_CXX_LIBRARY = "libc++";
				CLANG_ENABLE_MODULES = YES;
				CLANG_ENABLE_OBJC_ARC = YES;
				CLANG_ENABLE_OBJC_WEAK = YES;
				CLANG_WARN_BLOCK_CAPTURE_AUTORELEASING = YES;
				CLANG_WARN_BOOL_CONVERSION = YES;
				CLANG_WARN_COMMA = YES;
				CLANG_WARN_CONSTANT_CONVERSION = YES;
				CLANG_WARN_DEPRECATED_OBJC_IMPLEMENTATIONS = YES;
				CLANG_WARN_DIRECT_OBJC_ISA_USAGE = YES_ERROR;
				CLANG_WARN_DOCUMENTATION_COMMENTS = YES;
				CLANG_WARN_EMPTY_BODY = YES;
				CLANG_WARN_ENUM_CONVERSION = YES;
				CLANG_WARN_INFINITE_RECURSION = YES;
				CLANG_WARN_INT_CONVERSION = YES;
				CLANG_WARN_NON_LITERAL_NULL_CONVERSION = YES;
				CLANG_WARN_OBJC_IMPLICIT_RETAIN_SELF = YES;
				CLANG_WARN_OBJC_LITERAL_CONVERSION = YES;
				CLANG_WARN_OBJC_ROOT_CLASS = YES_ERROR;
				CLANG_WARN_RANGE_LOOP_ANALYSIS = YES;
				CLANG_WARN_STRICT_PROTOTYPES = YES;
				CLANG_WARN_SUSPICIOUS_MOVE = YES;
				CLANG_WARN_UNGUARDED_AVAILABILITY = YES_AGGRESSIVE;
				CLANG_WARN_UNREACHABLE_CODE = YES;
				CLANG_WARN__DUPLICATE_METHOD_MATCH = YES;
				CODE_SIGN_IDENTITY = "iPhone Developer";
				COPY_PHASE_STRIP = NO;
				DEBUG_INFORMATION_FORMAT = "dwarf-with-dsym";
				ENABLE_NS_ASSERTIONS = NO;
				ENABLE_STRICT_OBJC_MSGSEND = YES;
				GCC_C_LANGUAGE_STANDARD = gnu11;
				GCC_NO_COMMON_BLOCKS = YES;
				GCC_WARN_64_TO_32_BIT_CONVERSION = YES;
				GCC_WARN_ABOUT_RETURN_TYPE = YES_ERROR;
				GCC_WARN_UNDECLARED_SELECTOR = YES;
				GCC_WARN_UNINITIALIZED_AUTOS = YES_AGGRESSIVE;
				GCC_WARN_UNUSED_FUNCTION = YES;
				GCC_WARN_UNUSED_VARIABLE = YES;
				IPHONEOS_DEPLOYMENT_TARGET = 12.1;
				MTL_ENABLE_DEBUG_INFO = NO;
				MTL_FAST_MATH = YES;
				SDKROOT = iphoneos;
				SWIFT_COMPILATION_MODE = wholemodule;
				SWIFT_OPTIMIZATION_LEVEL = "-O";
				VALIDATE_PRODUCT = YES;
			};
			name = Release;
		};
		CD5159AA220F8093008528F4 /* Debug */ = {
			isa = XCBuildConfiguration;
			buildSettings = {
				ASSETCATALOG_COMPILER_APPICON_NAME = AppIcon;
				CODE_SIGN_STYLE = Automatic;
				DEVELOPMENT_TEAM = 7L4R5XZ9ZH;
				INFOPLIST_FILE = CashMachine/Info.plist;
				LD_RUNPATH_SEARCH_PATHS = (
					"$(inherited)",
					"@executable_path/Frameworks",
				);
				PRODUCT_BUNDLE_IDENTIFIER = com.quenca.CashMachine;
				PRODUCT_NAME = "$(TARGET_NAME)";
				SWIFT_VERSION = 4.2;
				TARGETED_DEVICE_FAMILY = "1,2";
			};
			name = Debug;
		};
		CD5159AB220F8093008528F4 /* Release */ = {
			isa = XCBuildConfiguration;
			buildSettings = {
				ASSETCATALOG_COMPILER_APPICON_NAME = AppIcon;
				CODE_SIGN_STYLE = Automatic;
				DEVELOPMENT_TEAM = 7L4R5XZ9ZH;
				INFOPLIST_FILE = CashMachine/Info.plist;
				LD_RUNPATH_SEARCH_PATHS = (
					"$(inherited)",
					"@executable_path/Frameworks",
				);
				PRODUCT_BUNDLE_IDENTIFIER = com.quenca.CashMachine;
				PRODUCT_NAME = "$(TARGET_NAME)";
				SWIFT_VERSION = 4.2;
				TARGETED_DEVICE_FAMILY = "1,2";
			};
			name = Release;
		};
/* End XCBuildConfiguration section */

/* Begin XCConfigurationList section */
		CD515992220F8091008528F4 /* Build configuration list for PBXProject "CashMachine" */ = {
			isa = XCConfigurationList;
			buildConfigurations = (
				CD5159A7220F8093008528F4 /* Debug */,
				CD5159A8220F8093008528F4 /* Release */,
			);
			defaultConfigurationIsVisible = 0;
			defaultConfigurationName = Release;
		};
		CD5159A9220F8093008528F4 /* Build configuration list for PBXNativeTarget "CashMachine" */ = {
			isa = XCConfigurationList;
			buildConfigurations = (
				CD5159AA220F8093008528F4 /* Debug */,
				CD5159AB220F8093008528F4 /* Release */,
			);
			defaultConfigurationIsVisible = 0;
			defaultConfigurationName = Release;
		};
/* End XCConfigurationList section */
	};
	rootObject = CD51598F220F8091008528F4 /* Project object */;
}
